# This file was autogenerated by uv via the following command:
#    uv export --extra dev --no-emit-project --format requirements-txt --output-file requirements.lock
ast-serialize==0.11.2 \
    --hash=sha256:00bbf1f6669f813b48925b759f7ae4591067d456d443924055cab386e7e0a719 \
    --hash=sha256:13b13afe32e845c86a573497729e1b7ddeb26c572c78bf50ece51da23b8fad5e \
    --hash=sha256:1844ed9a487fb3de7325c52ddb33f2918b66b65cd54d3f8d83d23785ffe99fa4 \
    --hash=sha256:2fa3be25f7f5351b1b39c9f8a52779b2dbf21199efbae564b4746422e8edca4e \
    --hash=sha256:2fdf31a0bb85ea2575cc91669f005e6647d2efed491231c4dc1497bc9a5b3aa6 \
    --hash=sha256:3b78e6fdef3b06c86ed263e1962fee5a7b9d2d158e738b212d13b2c605ee12f5 \
    --hash=sha256:554d117cb916d8032d85007c654d179efbbfd446174c048062778136a922944f \
    --hash=sha256:57c0f5cb0021a5beb1e5e4d6e840ae2f23a28909703ef4d256a144cc1ad3d437 \
    --hash=sha256:59c25f47524efa052971b860e128b1add0c94ede7dd16b2962952c85c3582365 \
    --hash=sha256:75a1c7f46b9c19fc0ae01ca6fd076301628faa2ed7a8edbd55c6353c483946a3 \
    --hash=sha256:7f1823275b246f9c7d373be6879e4eec09686948895d4ad083f4b27fd7e4da70 \
    --hash=sha256:8532f20916fa3189d4d785ef2a62d93c4d651ec9c5bffda66d2fc36898351f34 \
    --hash=sha256:8a5ffa70e76191dcf240d3c43e20c93b3bfd26f54d89148c762d57837f5bcd2c \
    --hash=sha256:8d62a47714c8bc432b9fabcc29989c815c5da17327d35151f2fd0d85c2a7a5ff \
    --hash=sha256:976a5bd75845d22f4b52905ddf53ab669ef1b14dba7735f5512841a2ef2b5450 \
    --hash=sha256:9d80a81ec84660422579bdb8e789f656a794b48c7a1ae1261f6bd8bc1897d17d \
    --hash=sha256:a586be418eb70a9f1396cea29ddac8f4b9bf277fb73ea2340db31e218bc00f32 \
    --hash=sha256:a7004ba572f09be34342ccb98dcd4bad5707d3d81adc8cb4c3f685d2a2c51bbc \
    --hash=sha256:ab924ba260efd7509492f272d4e236d24564033f20c005d7c63a107c6a76fc85 \
    --hash=sha256:abdb3e49ba053c3486ac1263bee9f16cc9a4a8abd9f8c90bfc21e3669f3ad9d1 \
    --hash=sha256:af8c003ce721b0099dd55cef4ba733500fc3054ea0cc8565d8957aaf7cccdeb4 \
    --hash=sha256:b17869f4ba261a5fa468a753328a548f4dbaf74b4eadae9e28aff66df7f1425b \
    --hash=sha256:b9065dd23131a23b41f5bab3bf4e9b3c350a3fe8e36e8200eded9b729fcea484 \
    --hash=sha256:bfbe47a3a7c368f28836e78b2440a3643ac0ec4c67d9fe53588e1448f0a3d35d \
    --hash=sha256:c58bb119b73657fdc5569692f316e1e25ca114bd62f7782eb527c6be438ba3a9 \
    --hash=sha256:cae5addfbb54cc1d47fe947ef9138e9d83849ed1cbc72b819cf36d96a2315b07 \
    --hash=sha256:cd320a5c4f1f2742af97eea22954f776379175c5ef2504801e9a155f2ff9a4d7 \
    --hash=sha256:d60515335750d431e462af6e722bb55720a5e7827192777bddfd9c4376065a4d \
    --hash=sha256:d70556a2f9230a44c99a655774cde823f056efc34466eabfb4085f0cb1ea9f99 \
    --hash=sha256:daadf1c3e0224621607ffe16f1379e4bd372271ed2e1db8a67878f0bab3ef7e4 \
    --hash=sha256:dab599cbdcb7b45b18c41fad746645580b3a24357082b7f0e8921cd373804f27 \
    --hash=sha256:ec1c20f89c3e0d83576e3c06f79375ce936266591fe0d5fd969914af3185cbaa \
    --hash=sha256:ee732ae167e686d1d3c00f98d7d82b23138304694f0441b14d7ddf9c0f8a921c \
    --hash=sha256:f3109fe4805384effc8d0f8e41fbf875aa8f389af91b4348c1cfb60ea6e4cb82 \
    --hash=sha256:f3a367e0e05ed2d1b747ceb07aa728a8c204cc008b589127e9bd4f40053d7575 \
    --hash=sha256:f739e0b601be7300c5697a2573d9200bd1db74b34ab111ef9537b9d5dcd7f106 \
    --hash=sha256:feb16d9c2a720e0120c58dd5d6e7b3c7c86b43249b60a3bc212bcb8fa031e2dd
    # via mypy
cabarchive==0.2.5 ; sys_platform == 'win32' \
    --hash=sha256:6d95d83145625898143d732dc0aa0443e53b4262fe9f282f3db5cdedfaf31e01 \
    --hash=sha256:b508b1cad890857e55f3f7a2027ca7bedb9dc05de5eff07f8289f9546200a7aa
    # via freeze-core
colorama==0.4.6 ; sys_platform == 'win32' \
    --hash=sha256:08695f5cb7ed6e0531a20572697297273c47b8cae5a63ffc6d6ed5c201be6e44 \
    --hash=sha256:4f1d9991f5acc0ca119f9d443620b77f9d6b33703e51011c16baf57afb285fc6
    # via pytest
cx-freeze==8.7.1 \
    --hash=sha256:05c09b447cab2f3ee4512c2478e745c46323d079c61df6db501e01975ba4d3a5 \
    --hash=sha256:59626f52b2753f104026cc90fbca0b3af6accba870c772c0f856b38aa2a826c6
    # via chordcue-windows
dmgbuild==1.6.7 ; sys_platform == 'darwin' \
    --hash=sha256:37ee5771c377beb3203d9164aae8046ffed8531c06edf9227f5788b3c599b1bf \
    --hash=sha256:676b17acd448899f6d4a83b2184e0657480444ecb6ac9c4922889efad9e5dbfb
    # via cx-freeze
ds-store==1.3.3 ; sys_platform == 'darwin' \
    --hash=sha256:a7380896ea1e880f7ba07c5cdc24bd1530fb86836cad0be531f3e80e2d721ac5 \
    --hash=sha256:b92a371efbf1b4ccce2a04d1ed13fceacc4736c81ba09cf5aefb74c088160a35
    # via dmgbuild
filelock==4.0.6 \
    --hash=sha256:323fab3b2fb22d889b29fa83774f60029addddb4b6a1bcfa1e73066eabffb5f2 \
    --hash=sha256:9b139fb93b2ac5807f7feaf63aa4546fbd74074a2d3f554c040f40a4694d7b9f
    # via
    #   cx-freeze
    #   freeze-core
freeze-core==0.7.6 \
    --hash=sha256:007eaded432d531a51dd8f2acd2e3ba268a58dbe9942028706cdd6786fcd0675 \
    --hash=sha256:2f6d885205e3aa36854f414841380b6ee7cf8eda6733a4e141e34c4575890039 \
    --hash=sha256:5bc30fc32dbc7055652b6a1809a0114e78c9c077c4731256e39227e23fd49883 \
    --hash=sha256:62204799bd5a7f49f160cc7a5e97d73d995311d113a62340d4b8ecf7b8e62326 \
    --hash=sha256:886f1dce639654389f788504210a8ac6e2d4d1985215e9ef84e36b7e17e7508f \
    --hash=sha256:9a80730f5d8242606f4222d99187a086040f3b39d2fbc3dc5d050ba92386e881 \
    --hash=sha256:a58b5167f7eeb2f1b5a6451d3518bc3b15dead0c6f96e428774b4cfe31b0bdea \
    --hash=sha256:ac7d98de46fa1eee447c4839a3709ddaf833b3efbb3d19f43568d209a15da408 \
    --hash=sha256:ed6685d6542c88fe15ec853e6bd819e68b63680d137a1868e7b7794019145296 \
    --hash=sha256:f65f256de94aa7227ae885ab816bf5a42dd786a25e66957dffa60d6a2784b9bd
    # via cx-freeze
iniconfig==2.3.0 \
    --hash=sha256:c76315c77db068650d49c5b56314774a7804df16fee4402c1f19d6d15d8c4730 \
    --hash=sha256:f631c04d2c48c52b84d0d0549c99ff3859c98df65b3101406327ecc7d53fbf12
    # via pytest
librt==0.16.0 ; platform_python_implementation != 'PyPy' \
    --hash=sha256:0058f9d68721094105917254c72ac0569117bb7b13b9769cf45d26d89f9d21cd \
    --hash=sha256:02d89c813d5ff74b17df72d3a34819d132cd168e56b81bf755b809bd9e46b8c4 \
    --hash=sha256:14ed6ebe3e4f85f326d7920011ad30ff49ed9334e62cf88caef9ba973d9e3a92 \
    --hash=sha256:17bac7f7a16b328fff77e440287693eb017abde913595b5827ebccbc21ecd8a6 \
    --hash=sha256:30b7beaf3f4487b7d8adef1f158b49067cb4d5a19fa7a3bf31a4e7a820e435c5 \
    --hash=sha256:33f41443a1f4e1f099331b3d8120e409fbff84b9760bc1cc9ea496f37ddaa5cc \
    --hash=sha256:468df902df016a06eb0e40b0747dc8d14e47d7a38b18b63b1fb167d85cb94d63 \
    --hash=sha256:5b976054553670829985ed767feb78fb6bcede0175327c4844dd5c281c1be659 \
    --hash=sha256:77c7a2b4fe2c1369e0d5aa1cade26740a7b14be32fbc9a5535d617d20065c39d \
    --hash=sha256:7e510b7770bee609617a3374a96548eb114cae048023e3f049ee449e7ff2db32 \
    --hash=sha256:83d4041a3d9b2fd053a8a4e1f22878b3e5833e2712956382d5c048d791454e91 \
    --hash=sha256:92caf82ebef5e12d21c72242b70d1e92536f1711cf2a727a4c276de4b4469087 \
    --hash=sha256:a8afb6557920860b7a3a596eb804cf37e09e7cf8a803db2478c202acc72d8c2e \
    --hash=sha256:ac38d6d8d66bf3d744148dbbc0b8e193e195a51e364ed55e224631f5721891fc \
    --hash=sha256:aea7b1f2b125dad5de85f049136651bff256c883c65e6b9209b2da0a1ac3cdef \
    --hash=sha256:c5e6144e68b577f157519f2ba88ca20e3ed61c29b00e5cdfa76cd2d45acf059a \
    --hash=sha256:efc49c462d4516b8a58b00b490078fa64689fd1fe66970cc190131d7afb8027e
    # via mypy
lief==1.0.0 ; sys_platform == 'win32' \
    --hash=sha256:811b2354f48fa08c49b106eafc9c1b26006371dc24d3d04bfdd9939863df6e6a \
    --hash=sha256:956ee963e2a2ed318d08fd9fe4ff948906c483db1b88f7a62dac24db76ffa4b0 \
    --hash=sha256:ca7774b0d88f4528a1c153d7a9d2798800d6389847b966861fad9f2edb17a593 \
    --hash=sha256:d552235f6c7b999b1837946b61cc64537501fac4fda1663c2cb76482b27b609f
    # via cx-freeze
mac-alias==2.2.3 ; sys_platform == 'darwin' \
    --hash=sha256:1c7fa367687d66979f2ce4d1a8b2716cf1c9fb811741cab3cf3ca356555c2beb \
    --hash=sha256:7362b521d2132ef92f606a37abfed5fcd849ceb2f28b6f9743e014b02af92f0d
    # via
    #   dmgbuild
    #   ds-store
mypy==2.3.1 \
    --hash=sha256:114dff494000f18bd10d5d95d84b8567b26da60279ecbe838131841df20e635d \
    --hash=sha256:1c80fbc405ed8020f5ff3802dc18cf060197bcdd3fbdd6a26ef2fd34dfdd5226 \
    --hash=sha256:47c1b1207258513a9d93495f69c8be9de73916186f0e52703e8c461b7a623419 \
    --hash=sha256:6ed5c7e3419083268e5c9258bd1c1ef91af44a9e89374dbcaf37b775716e72eb \
    --hash=sha256:77ad9529e67dca28e511f5cd5671436584ce91f6d3bac159a353158187b986ac \
    --hash=sha256:84081f538ce27375045c02e3d7f81bd11d853400621ae245d87ce7b6c420ec74 \
    --hash=sha256:c8637731bb5eee3671eb2c3200827aa3564ed8a9309ecee4d1afe77e6d031bdb \
    --hash=sha256:e9144ac16fde007096f9563eb2041b4433c2d705c4218edeb79e7e9d01035ee6
    # via chordcue-windows
mypy-extensions==1.1.0 \
    --hash=sha256:1be4cccdb0f2482337c4743e60421de3a356cd97508abadd57d47403e94f5505 \
    --hash=sha256:52e68efc3284861e772bbcd66823fde5ae21fd2fdb51c62a211403730b916558
    # via mypy
packaging==26.3 \
    --hash=sha256:94edc256424af38762eb31306eed28beb9f0efc50a8837492c9d6fd6004aed79 \
    --hash=sha256:d7193f7c8e4e93f444fde0262bf90af30e16fa0ad0ad44cb553c87339b23cd1c
    # via
    #   cx-freeze
    #   pytest
patchelf==0.19.1.0 ; (platform_machine == 'aarch64' and sys_platform == 'linux') or (platform_machine == 'armv7l' and sys_platform == 'linux') or (platform_machine == 'i686' and sys_platform == 'linux') or (platform_machine == 'ppc64le' and sys_platform == 'linux') or (platform_machine == 's390x' and sys_platform == 'linux') or (platform_machine == 'x86_64' and sys_platform == 'linux') \
    --hash=sha256:2ffad3734be73b83ac2f46709264a34dd2aee40a7dd5deccf84856684d606ec6 \
    --hash=sha256:89760f542fac28c7798e5f56e66601a78ef20e088fc80a493b6a9161438b8dc5 \
    --hash=sha256:8976fbdef7d3e461d623e703024b70db6b6e3308f7e389930f39a71a1e347a2c \
    --hash=sha256:a8f6331ccf40c345507279f755f4a38c2cb00b9efda746fd43c17713cce0aba4 \
    --hash=sha256:b5c3dec03b89db2bb0df301d316360847eeaf72c6fb6ddde0227326655edabb4 \
    --hash=sha256:efed44482d740e86d84e3f40e0ee9876c4249c7ac1128b5b1639e31287fa14a4 \
    --hash=sha256:f16f44fbcf0da4f2d1dd841d49f849fe9ea1b8fb952d5c4e9b8234f09d3f149a
    # via cx-freeze
pathspec==1.1.1 \
    --hash=sha256:17db5ecd524104a120e173814c90367a96a98d07c45b2e10c2f3919fff91bf5a \
    --hash=sha256:a00ce642f577bf7f473932318056212bc4f8bfdf53128c78bbd5af0b9b20b189
    # via mypy
pluggy==1.6.0 \
    --hash=sha256:7dcc130b76258d33b90f61b658791dede3486c3e6bfb003ee5c9bfb396dd22f3 \
    --hash=sha256:e920276dd6813095e9377c0bc5566d94c932c33b27a3e3945d8389c374dd4746
    # via
    #   pytest
    #   pytest-qt
pygments==2.21.0 \
    --hash=sha256:2363c69b61c4a97c838da3b130dcd6468f4848992b21a82f2a63ec34377137d9 \
    --hash=sha256:610ca751c9bc2492b38eb9a38a7fbc93edbbb2d7182edaf34e66ae493dee5c8c
    # via pytest
pypdf==6.19.0 \
    --hash=sha256:7e5d6e730e7dae87d560a2cee218b852f6498c8be61966f3cd02ead971e48d14 \
    --hash=sha256:bbc43aca292369ccc6cbc8a921991ecf2538a3587ab5a116eff06c321d647155
    # via chordcue-windows
pyside6==6.11.2 \
    --hash=sha256:0444ac71d0791a19bded35f6d9a94515941f23a6eb7098ca45a1b64a338be697 \
    --hash=sha256:13a3c79816879d9743672a669f1988f74459a78f89a97a2624fae4fe059ffa3a \
    --hash=sha256:3201d67e3c10be2eaedd3910ff0f02351eca7e88c95a291cde5e7f2f55ef207f \
    --hash=sha256:57fe867a6c93821a085d74e8a26f863fc2363516848181c466032595b33b1729 \
    --hash=sha256:dc6d03990489a5085842770718392ef5de36352d8f608d9a9fe03e60af4d7b66
    # via chordcue-windows
pyside6-addons==6.11.2 \
    --hash=sha256:354c574a839f7d0751960ba03f33bec87c95e0f2796dca3287f54d03abe97dac \
    --hash=sha256:a2ca3c73e5f060d4aca49451abd9fba68dd0e1c66ff40cea3a1fe0415def579a \
    --hash=sha256:a8b00956925fbdeffc7052cf933506391289f35ac4f3f71a0a167ec195cd47b4 \
    --hash=sha256:d5606af369484b862b4d5741cfc179e19d2b8819c3e04d210b8188e0c9f85988 \
    --hash=sha256:f449ea4431da20e7b86752cca8d166f93434516fe417f981c27e5f8e1b554407
    # via pyside6
pyside6-essentials==6.11.2 \
    --hash=sha256:77795c145202e65a78d88f7cd409d186e3ba23d159bdb3ba2dcd159ae5e5f0d9 \
    --hash=sha256:aaf9f25f0f324874085fa5b26a610318db8a8e243cf85bb3e5400595191c7778 \
    --hash=sha256:c8a29def77032773a30879f7f24415b5395ad08592d147c170824ef4c735dfc1 \
    --hash=sha256:d3ec6e1885c46e57f16364f38ea8040ffc5dc0b18341058f608fede3ba930567 \
    --hash=sha256:fadd75c5c20800d64dd0a586ea8cb337c5e630aa2246df0e5105738afa46e02c
    # via
    #   pyside6
    #   pyside6-addons
pytest==9.1.1 \
    --hash=sha256:1088fbde8f2b49d95a549a195707afa7a76a3ce9bcadc26b6d71f0ffda5fe313 \
    --hash=sha256:37a86b45efb9a47a61a36449063e8e18d0cab3161329fc099eb21783169c4f0c
    # via
    #   chordcue-windows
    #   pytest-asyncio
    #   pytest-qt
pytest-asyncio==1.4.0 \
    --hash=sha256:933ca923a23075a87fb7070c0ec272a6848489824d887c85c812670932835aa1 \
    --hash=sha256:c6c0d2259945122819f171a32ecea2c349ead889ee28176caaf492143424be42
    # via chordcue-windows
pytest-qt==4.5.0 \
    --hash=sha256:51620e01c488f065d2036425cbc1cbcf8a6972295105fd285321eb47e66a319f \
    --hash=sha256:ed21ea9b861247f7d18090a26bfbda8fb51d7a8a7b6f776157426ff2ccf26eff
    # via chordcue-windows
python-msilib==0.7.0 ; sys_platform == 'win32' \
    --hash=sha256:1f9369ffd470be26d8ea89537b8789aa4a3fcbe348e960f39201e47658f1bcef \
    --hash=sha256:30bb964b938db545963a33a081bc176080d728303aeaf2a9d29edf01fd772c09 \
    --hash=sha256:44f89134e0586c2ec794d77060f67e7fb0743cdb61106a44d47d553b100399cd \
    --hash=sha256:606a92e5fd8576dd4d03121330ff561155ee7e683ff7b90ca3be5fe090855bf2
    # via cx-freeze
ruff==0.16.9 \
    --hash=sha256:0e1dbc2073624dee6618d41d0098690a7244654af746704b64759e12b6b6b385 \
    --hash=sha256:12b625c6cfba78d285d9f48eda5f053374f1e53cb10ef17342a383750db99161 \
    --hash=sha256:1632eb1d6197f33bd00b1acbc5b71009e89a8895c158e2d2b03a834fac964ab6 \
    --hash=sha256:41e3870277694177429b56406d65dfbdb2c2802c52b715edaf6a0b829c69d4ee \
    --hash=sha256:447fc07e1573afff7cb02803462b12b6c8ece7cf10e2cd78565fa6d7a1c0bf8d \
    --hash=sha256:4684dded7db60aa57cb118fa158630f5feade4af5782903b6053484bdf9bd129 \
    --hash=sha256:6bd40fec8cd4c8a3d4dd589bd8ad4e6320c13c29234159bfd959a40d529d597b \
    --hash=sha256:7baa24ef5fc8e77aa93879e1d3f43754a01ae488e869f1ae30cf431afd4d2452 \
    --hash=sha256:8a3e039a6a40ed976c491722b60e0ae4a4aa1a86057f540ee7a37a5d19ae9120 \
    --hash=sha256:8adbe4e58af167f767d7b2ba5e83c42e878350796cf78c2f5e14ab9903a92588 \
    --hash=sha256:95e6f022090368ab3b824c36276839c53b2adf1a3f4c09fefc33dfc400f6da96 \
    --hash=sha256:a21713e629d3e5bdb2f5c2def1cc7f04f47fa8e1a7eb0571b4a28e1da64bc728 \
    --hash=sha256:a41aac6230aadfaa133bdfa1614488531ffa3e0837567ae04c0da2058a9c0f9e \
    --hash=sha256:a5f27be168556594a86d2f415db0cf43f5291917849318f873c7e2791f7a8c67 \
    --hash=sha256:b3f951b14d865d5952c89d40a5ca07e87abe24fa5453299878411e127748fb1c \
    --hash=sha256:c2529fb5896d49115b0e9aa8f887490b34bbe76baf879ec2264ac59406869ce7 \
    --hash=sha256:d29c934357e45642fda2f34c0b1f4025b4a6c01e15e4bf0016879d60078a142c \
    --hash=sha256:ed1a252039200f57a59eebc063b54beabea67bfbaaca0eeaa7f54b5fbcda2284
    # via chordcue-windows
setuptools==84.0.0 \
    --hash=sha256:51a52592b3b99e102b609654876bd65f19f999935166d1352678931132b0c670 \
    --hash=sha256:f4695c21257f0d9b537ec2692c941d02ee143b7cc1276941349a546573b2ef73
    # via cx-freeze
shiboken6==6.11.2 \
    --hash=sha256:4bbbd6fa4d7cff5ec5e12bc4c10e1d845fa30c89457ecb13cc64f7bddb77f6f9 \
    --hash=sha256:53659683b1f7a08e9f87eff9b1065f1ceb7110cd7a4bc09fdf5efe43d286604d \
    --hash=sha256:6ab0eba1c904455df621f9a6df3ca2bb896bab8670572d2bc4e37804ae91f19a \
    --hash=sha256:7a7a0a72a9ed26c9bf77d42246b1c736486befb8f31aa2fb29957ea4cdd1c1c2 \
    --hash=sha256:97c49432488df958f0308736f3d15b6915d8826fc380af17bb4b9ec5c4a5e81b
    # via
    #   pyside6
    #   pyside6-addons
    #   pyside6-essentials
striprtf==0.0.33 ; sys_platform == 'win32' \
    --hash=sha256:c2d3d9ff3118df6dab558675f10a31ff8bb999ac1f8921f00c6dc9ea19961f18 \
    --hash=sha256:f9637632a4414de05b1c399ee34d324dc336133ae45769992143a024e0f919ef
    # via freeze-core
typing-extensions==4.16.0 \
    --hash=sha256:481caa481374e813c1b176ada14e97f1f67a4539ce9cfeb3f350d78d6370c2e8 \
    --hash=sha256:dc983d19a509c94dba722ee6abd33940f7c05a89e243c47e907eb4db6f1a43e5
    # via
    #   mypy
    #   pytest-qt
